
Microsoft Visual Studio Solution File, Format Version 12.00
# Visual Studio Version 16
VisualStudioVersion = 16.0.30711.63
MinimumVisualStudioVersion = 10.0.40219.1
Project("{9A19103F-16F7-4668-BE54-9A1E7A4F7556}") = "BildStudionDV.Web", "BildStudionDV.Web\BildStudionDV.Web.csproj", "{B0AE16C1-47E0-4D7F-AE27-4625760F1BFD}"
EndProject
Project("{9A19103F-16F7-4668-BE54-9A1E7A4F7556}") = "BildstudionDV.Test", "BildstudionDV.Test\BildstudionDV.Test.csproj", "{1F824037-E006-4CB6-9A27-889BCB4780DE}"
EndProject
Project("{9A19103F-16F7-4668-BE54-9A1E7A4F7556}") = "BildstudionDV.BI", "BildstudionDV.BI\BildstudionDV.BI.csproj", "{09F24315-A533-4B4D-9777-A66F126BB021}"
EndProject
Project("{2150E333-8FDC-42A3-9474-1A3956D46DE8}") = "todos", "todos", "{BAA81755-874A-46CE-894B-599292092C36}"
	ProjectSection(SolutionItems) = preProject
		todos.txt = todos.txt
	EndProjectSection
EndProject
Global
	GlobalSection(SolutionConfigurationPlatforms) = preSolution
		Debug|Any CPU = Debug|Any CPU
		Release|Any CPU = Release|Any CPU
	EndGlobalSection
	GlobalSection(ProjectConfigurationPlatforms) = postSolution
		{B0AE16C1-47E0-4D7F-AE27-4625760F1BFD}.Debug|Any CPU.ActiveCfg = Debug|Any CPU
		{B0AE16C1-47E0-4D7F-AE27-4625760F1BFD}.Debug|Any CPU.Build.0 = Debug|Any CPU
		{B0AE16C1-47E0-4D7F-AE27-4625760F1BFD}.Release|Any CPU.ActiveCfg = Release|Any CPU
		{B0AE16C1-47E0-4D7F-AE27-4625760F1BFD}.Release|Any CPU.Build.0 = Release|Any CPU
		{1F824037-E006-4CB6-9A27-889BCB4780DE}.Debug|Any CPU.ActiveCfg = Debug|Any CPU
		{1F824037-E006-4CB6-9A27-889BCB4780DE}.Debug|Any CPU.Build.0 = Debug|Any CPU
		{1F824037-E006-4CB6-9A27-889BCB4780DE}.Release|Any CPU.ActiveCfg = Release|Any CPU
		{1F824037-E006-4CB6-9A27-889BCB4780DE}.Release|Any CPU.Build.0 = Release|Any CPU
		{09F24315-A533-4B4D-9777-A66F126BB021}.Debug|Any CPU.ActiveCfg = Debug|Any CPU
		{09F24315-A533-4B4D-9777-A66F126BB021}.Debug|Any CPU.Build.0 = Debug|Any CPU
		{09F24315-A533-4B4D-9777-A66F126BB021}.Release|Any CPU.ActiveCfg = Release|Any CPU
		{09F24315-A533-4B4D-9777-A66F126BB021}.Release|Any CPU.Build.0 = Release|Any CPU
	EndGlobalSection
	GlobalSection(SolutionProperties) = preSolution
		HideSolutionNode = FALSE
	EndGlobalSection
	GlobalSection(ExtensibilityGlobals) = postSolution
		SolutionGuid = {4DACE194-79F7-4F39-9024-A85205FD4C72}
	EndGlobalSection
EndGlobal
